// !$*UTF8*$!
{
	archiveVersion = 1;
	classes = {
	};
	objectVersion = 50;
	objects = {

/* Begin PBXBuildFile section */
		7F4A807D2717EFEA00AE5A2D /* AppDelegate.swift in Sources */ = {isa = PBXBuildFile; fileRef = 7F4A807C2717EFEA00AE5A2D /* AppDelegate.swift */; };
		7F4A807F2717EFEA00AE5A2D /* SceneDelegate.swift in Sources */ = {isa = PBXBuildFile; fileRef = 7F4A807E2717EFEA00AE5A2D /* SceneDelegate.swift */; };
		7F4A80812717EFEA00AE5A2D /* ViewController.swift in Sources */ = {isa = PBXBuildFile; fileRef = 7F4A80802717EFEA00AE5A2D /* ViewController.swift */; };
		7F4A80842717EFEA00AE5A2D /* Main.storyboard in Resources */ = {isa = PBXBuildFile; fileRef = 7F4A80822717EFEA00AE5A2D /* Main.storyboard */; };
		7F4A80862717EFEC00AE5A2D /* Assets.xcassets in Resources */ = {isa = PBXBuildFile; fileRef = 7F4A80852717EFEC00AE5A2D /* Assets.xcassets */; };
		7F4A80892717EFEC00AE5A2D /* LaunchScreen.storyboard in Resources */ = {isa = PBXBuildFile; fileRef = 7F4A80872717EFEC00AE5A2D /* LaunchScreen.storyboard */; };
		7F4A80942717EFEC00AE5A2D /* testAppiumTests.swift in Sources */ = {isa = PBXBuildFile; fileRef = 7F4A80932717EFEC00AE5A2D /* testAppiumTests.swift */; };
		7F4A809F2717EFEC00AE5A2D /* testAppiumUITests.swift in Sources */ = {isa = PBXBuildFile; fileRef = 7F4A809E2717EFEC00AE5A2D /* testAppiumUITests.swift */; };
/* End PBXBuildFile section */

/* Begin PBXContainerItemProxy section */
		7F4A80902717EFEC00AE5A2D /* PBXContainerItemProxy */ = {
			isa = PBXContainerItemProxy;
			containerPortal = 7F4A80712717EFEA00AE5A2D /* Project object */;
			proxyType = 1;
			remoteGlobalIDString = 7F4A80782717EFEA00AE5A2D;
			remoteInfo = testAppium;
		};
		7F4A809B2717EFEC00AE5A2D /* PBXContainerItemProxy */ = {
			isa = PBXContainerItemProxy;
			containerPortal = 7F4A80712717EFEA00AE5A2D /* Project object */;
			proxyType = 1;
			remoteGlobalIDString = 7F4A80782717EFEA00AE5A2D;
			remoteInfo = testAppium;
		};
/* End PBXContainerItemProxy section */

/* Begin PBXFileReference section */
		7F4A80792717EFEA00AE5A2D /* testAppium.app */ = {isa = PBXFileReference; explicitFileType = wrapper.application; includeInIndex = 0; path = testAppium.app; sourceTree = BUILT_PRODUCTS_DIR; };
		7F4A807C2717EFEA00AE5A2D /* AppDelegate.swift */ = {isa = PBXFileReference; lastKnownFileType = sourcecode.swift; path = AppDelegate.swift; sourceTree = "<group>"; };
		7F4A807E2717EFEA00AE5A2D /* SceneDelegate.swift */ = {isa = PBXFileReference; lastKnownFileType = sourcecode.swift; path = SceneDelegate.swift; sourceTree = "<group>"; };
		7F4A80802717EFEA00AE5A2D /* ViewController.swift */ = {isa = PBXFileReference; lastKnownFileType = sourcecode.swift; path = ViewController.swift; sourceTree = "<group>"; };
		7F4A80832717EFEA00AE5A2D /* Base */ = {isa = PBXFileReference; lastKnownFileType = file.storyboard; name = Base; path = Base.lproj/Main.storyboard; sourceTree = "<group>"; };
		7F4A80852717EFEC00AE5A2D /* Assets.xcassets */ = {isa = PBXFileReference; lastKnownFileType = folder.assetcatalog; path = Assets.xcassets; sourceTree = "<group>"; };
		7F4A80882717EFEC00AE5A2D /* Base */ = {isa = PBXFileReference; lastKnownFileType = file.storyboard; name = Base; path = Base.lproj/LaunchScreen.storyboard; sourceTree = "<group>"; };
		7F4A808A2717EFEC00AE5A2D /* Info.plist */ = {isa = PBXFileReference; lastKnownFileType = text.plist.xml; path = Info.plist; sourceTree = "<group>"; };
		7F4A808F2717EFEC00AE5A2D /* testAppiumTests.xctest */ = {isa = PBXFileReference; explicitFileType = wrapper.cfbundle; includeInIndex = 0; path = testAppiumTests.xctest; sourceTree = BUILT_PRODUCTS_DIR; };
		7F4A80932717EFEC00AE5A2D /* testAppiumTests.swift */ = {isa = PBXFileReference; lastKnownFileType = sourcecode.swift; path = testAppiumTests.swift; sourceTree = "<group>"; };
		7F4A80952717EFEC00AE5A2D /* Info.plist */ = {isa = PBXFileReference; lastKnownFileType = text.plist.xml; path = Info.plist; sourceTree = "<group>"; };
		7F4A809A2717EFEC00AE5A2D /* testAppiumUITests.xctest */ = {isa = PBXFileReference; explicitFileType = wrapper.cfbundle; includeInIndex = 0; path = testAppiumUITests.xctest; sourceTree = BUILT_PRODUCTS_DIR; };
		7F4A809E2717EFEC00AE5A2D /* testAppiumUITests.swift */ = {isa = PBXFileReference; lastKnownFileType = sourcecode.swift; path = testAppiumUITests.swift; sourceTree = "<group>"; };
		7F4A80A02717EFEC00AE5A2D /* Info.plist */ = {isa = PBXFileReference; lastKnownFileType = text.plist.xml; path = Info.plist; sourceTree = "<group>"; };
/* End PBXFileReference section */

/* Begin PBXFrameworksBuildPhase section */
		7F4A80762717EFEA00AE5A2D /* Frameworks */ = {
			isa = PBXFrameworksBuildPhase;
			buildActionMask = 2147483647;
			files = (
			);
			runOnlyForDeploymentPostprocessing = 0;
		};
		7F4A808C2717EFEC00AE5A2D /* Frameworks */ = {
			isa = PBXFrameworksBuildPhase;
			buildActionMask = 2147483647;
			files = (
			);
			runOnlyForDeploymentPostprocessing = 0;
		};
		7F4A80972717EFEC00AE5A2D /* Frameworks */ = {
			isa = PBXFrameworksBuildPhase;
			buildActionMask = 2147483647;
			files = (
			);
			runOnlyForDeploymentPostprocessing = 0;
		};
/* End PBXFrameworksBuildPhase section */

/* Begin PBXGroup section */
		7F4A80702717EFEA00AE5A2D = {
			isa = PBXGroup;
			children = (
				7F4A807B2717EFEA00AE5A2D /* testAppium */,
				7F4A80922717EFEC00AE5A2D /* testAppiumTests */,
				7F4A809D2717EFEC00AE5A2D /* testAppiumUITests */,
				7F4A807A2717EFEA00AE5A2D /* Products */,
			);
			sourceTree = "<group>";
		};
		7F4A807A2717EFEA00AE5A2D /* Products */ = {
			isa = PBXGroup;
			children = (
				7F4A80792717EFEA00AE5A2D /* testAppium.app */,
				7F4A808F2717EFEC00AE5A2D /* testAppiumTests.xctest */,
				7F4A809A2717EFEC00AE5A2D /* testAppiumUITests.xctest */,
			);
			name = Products;
			sourceTree = "<group>";
		};
		7F4A807B2717EFEA00AE5A2D /* testAppium */ = {
			isa = PBXGroup;
			children = (
				7F4A807C2717EFEA00AE5A2D /* AppDelegate.swift */,
				7F4A807E2717EFEA00AE5A2D /* SceneDelegate.swift */,
				7F4A80802717EFEA00AE5A2D /* ViewController.swift */,
				7F4A80822717EFEA00AE5A2D /* Main.storyboard */,
				7F4A80852717EFEC00AE5A2D /* Assets.xcassets */,
				7F4A80872717EFEC00AE5A2D /* LaunchScreen.storyboard */,
				7F4A808A2717EFEC00AE5A2D /* Info.plist */,
			);
			path = testAppium;
			sourceTree = "<group>";
		};
		7F4A80922717EFEC00AE5A2D /* testAppiumTests */ = {
			isa = PBXGroup;
			children = (
				7F4A80932717EFEC00AE5A2D /* testAppiumTests.swift */,
				7F4A80952717EFEC00AE5A2D /* Info.plist */,
			);
			path = testAppiumTests;
			sourceTree = "<group>";
		};
		7F4A809D2717EFEC00AE5A2D /* testAppiumUITests */ = {
			isa = PBXGroup;
			children = (
				7F4A809E2717EFEC00AE5A2D /* testAppiumUITests.swift */,
				7F4A80A02717EFEC00AE5A2D /* Info.plist */,
			);
			path = testAppiumUITests;
			sourceTree = "<group>";
		};
/* End PBXGroup section */

/* Begin PBXNativeTarget section */
		7F4A80782717EFEA00AE5A2D /* testAppium */ = {
			isa = PBXNativeTarget;
			buildConfigurationList = 7F4A80A32717EFEC00AE5A2D /* Build configuration list for PBXNativeTarget "testAppium" */;
			buildPhases = (
				7F4A80752717EFEA00AE5A2D /* Sources */,
				7F4A80762717EFEA00AE5A2D /* Frameworks */,
				7F4A80772717EFEA00AE5A2D /* Resources */,
			);
			buildRules = (
			);
			dependencies = (
			);
			name = testAppium;
			productName = testAppium;
			productReference = 7F4A80792717EFEA00AE5A2D /* testAppium.app */;
			productType = "com.apple.product-type.application";
		};
		7F4A808E2717EFEC00AE5A2D /* testAppiumTests */ = {
			isa = PBXNativeTarget;
			buildConfigurationList = 7F4A80A62717EFEC00AE5A2D /* Build configuration list for PBXNativeTarget "testAppiumTests" */;
			buildPhases = (
				7F4A808B2717EFEC00AE5A2D /* Sources */,
				7F4A808C2717EFEC00AE5A2D /* Frameworks */,
				7F4A808D2717EFEC00AE5A2D /* Resources */,
			);
			buildRules = (
			);
			dependencies = (
				7F4A80912717EFEC00AE5A2D /* PBXTargetDependency */,
			);
			name = testAppiumTests;
			productName = testAppiumTests;
			productReference = 7F4A808F2717EFEC00AE5A2D /* testAppiumTests.xctest */;
			productType = "com.apple.product-type.bundle.unit-test";
		};
		7F4A80992717EFEC00AE5A2D /* testAppiumUITests */ = {
			isa = PBXNativeTarget;
			buildConfigurationList = 7F4A80A92717EFEC00AE5A2D /* Build configuration list for PBXNativeTarget "testAppiumUITests" */;
			buildPhases = (
				7F4A80962717EFEC00AE5A2D /* Sources */,
				7F4A80972717EFEC00AE5A2D /* Frameworks */,
				7F4A80982717EFEC00AE5A2D /* Resources */,
			);
			buildRules = (
			);
			dependencies = (
				7F4A809C2717EFEC00AE5A2D /* PBXTargetDependency */,
			);
			name = testAppiumUITests;
			productName = testAppiumUITests;
			productReference = 7F4A809A2717EFEC00AE5A2D /* testAppiumUITests.xctest */;
			productType = "com.apple.product-type.bundle.ui-testing";
		};
/* End PBXNativeTarget section */

/* Begin PBXProject section */
		7F4A80712717EFEA00AE5A2D /* Project object */ = {
			isa = PBXProject;
			attributes = {
				LastSwiftUpdateCheck = 1230;
				LastUpgradeCheck = 1230;
				TargetAttributes = {
					7F4A80782717EFEA00AE5A2D = {
						CreatedOnToolsVersion = 12.3;
					};
					7F4A808E2717EFEC00AE5A2D = {
						CreatedOnToolsVersion = 12.3;
						TestTargetID = 7F4A80782717EFEA00AE5A2D;
					};
					7F4A80992717EFEC00AE5A2D = {
						CreatedOnToolsVersion = 12.3;
						TestTargetID = 7F4A80782717EFEA00AE5A2D;
					};
				};
			};
			buildConfigurationList = 7F4A80742717EFEA00AE5A2D /* Build configuration list for PBXProject "testAppium" */;
			compatibilityVersion = "Xcode 9.3";
			developmentRegion = en;
			hasScannedForEncodings = 0;
			knownRegions = (
				en,
				Base,
			);
			mainGroup = 7F4A80702717EFEA00AE5A2D;
			productRefGroup = 7F4A807A2717EFEA00AE5A2D /* Products */;
			projectDirPath = "";
			projectRoot = "";
			targets = (
				7F4A80782717EFEA00AE5A2D /* testAppium */,
				7F4A808E2717EFEC00AE5A2D /* testAppiumTests */,
				7F4A80992717EFEC00AE5A2D /* testAppiumUITests */,
			);
		};
/* End PBXProject section */

/* Begin PBXResourcesBuildPhase section */
		7F4A80772717EFEA00AE5A2D /* Resources */ = {
			isa = PBXResourcesBuildPhase;
			buildActionMask = 2147483647;
			files = (
				7F4A80892717EFEC00AE5A2D /* LaunchScreen.storyboard in Resources */,
				7F4A80862717EFEC00AE5A2D /* Assets.xcassets in Resources */,
				7F4A80842717EFEA00AE5A2D /* Main.storyboard in Resources */,
			);
			runOnlyForDeploymentPostprocessing = 0;
		};
		7F4A808D2717EFEC00AE5A2D /* Resources */ = {
			isa = PBXResourcesBuildPhase;
			buildActionMask = 2147483647;
			files = (
			);
			runOnlyForDeploymentPostprocessing = 0;
		};
		7F4A80982717EFEC00AE5A2D /* Resources */ = {
			isa = PBXResourcesBuildPhase;
			buildActionMask = 2147483647;
			files = (
			);
			runOnlyForDeploymentPostprocessing = 0;
		};
/* End PBXResourcesBuildPhase section */

/* Begin PBXSourcesBuildPhase section */
		7F4A80752717EFEA00AE5A2D /* Sources */ = {
			isa = PBXSourcesBuildPhase;
			buildActionMask = 2147483647;
			files = (
				7F4A80812717EFEA00AE5A2D /* ViewController.swift in Sources */,
				7F4A807D2717EFEA00AE5A2D /* AppDelegate.swift in Sources */,
				7F4A807F2717EFEA00AE5A2D /* SceneDelegate.swift in Sources */,
			);
			runOnlyForDeploymentPostprocessing = 0;
		};
		7F4A808B2717EFEC00AE5A2D /* Sources */ = {
			isa = PBXSourcesBuildPhase;
			buildActionMask = 2147483647;
			files = (
				7F4A80942717EFEC00AE5A2D /* testAppiumTests.swift in Sources */,
			);
			runOnlyForDeploymentPostprocessing = 0;
		};
		7F4A80962717EFEC00AE5A2D /* Sources */ = {
			isa = PBXSourcesBuildPhase;
			buildActionMask = 2147483647;
			files = (
				7F4A809F2717EFEC00AE5A2D /* testAppiumUITests.swift in Sources */,
			);
			runOnlyForDeploymentPostprocessing = 0;
		};
/* End PBXSourcesBuildPhase section */

/* Begin PBXTargetDependency section */
		7F4A80912717EFEC00AE5A2D /* PBXTargetDependency */ = {
			isa = PBXTargetDependency;
			target = 7F4A80782717EFEA00AE5A2D /* testAppium */;
			targetProxy = 7F4A80902717EFEC00AE5A2D /* PBXContainerItemProxy */;
		};
		7F4A809C2717EFEC00AE5A2D /* PBXTargetDependency */ = {
			isa = PBXTargetDependency;
			target = 7F4A80782717EFEA00AE5A2D /* testAppium */;
			targetProxy = 7F4A809B2717EFEC00AE5A2D /* PBXContainerItemProxy */;
		};
/* End PBXTargetDependency section */

/* Begin PBXVariantGroup section */
		7F4A80822717EFEA00AE5A2D /* Main.storyboard */ = {
			isa = PBXVariantGroup;
			children = (
				7F4A80832717EFEA00AE5A2D /* Base */,
			);
			name = Main.storyboard;
			sourceTree = "<group>";
		};
		7F4A80872717EFEC00AE5A2D /* LaunchScreen.storyboard */ = {
			isa = PBXVariantGroup;
			children = (
				7F4A80882717EFEC00AE5A2D /* Base */,
			);
			name = LaunchScreen.storyboard;
			sourceTree = "<group>";
		};
/* End PBXVariantGroup section */

/* Begin XCBuildConfiguration section */
		7F4A80A12717EFEC00AE5A2D /* Debug */ = {
			isa = XCBuildConfiguration;
			buildSettings = {
				ALWAYS_SEARCH_USER_PATHS = NO;
				CLANG_ANALYZER_NONNULL = YES;
				CLANG_ANALYZER_NUMBER_OBJECT_CONVERSION = YES_AGGRESSIVE;
				CLANG_CXX_LANGUAGE_STANDARD = "gnu++14";
				CLANG_CXX_LIBRARY = "libc++";
				CLANG_ENABLE_MODULES = YES;
				CLANG_ENABLE_OBJC_ARC = YES;
				CLANG_ENABLE_OBJC_WEAK = YES;
				CLANG_WARN_BLOCK_CAPTURE_AUTORELEASING = YES;
				CLANG_WARN_BOOL_CONVERSION = YES;
				CLANG_WARN_COMMA = YES;
				CLANG_WARN_CONSTANT_CONVERSION = YES;
				CLANG_WARN_DEPRECATED_OBJC_IMPLEMENTATIONS = YES;
				CLANG_WARN_DIRECT_OBJC_ISA_USAGE = YES_ERROR;
				CLANG_WARN_DOCUMENTATION_COMMENTS = YES;
				CLANG_WARN_EMPTY_BODY = YES;
				CLANG_WARN_ENUM_CONVERSION = YES;
				CLANG_WARN_INFINITE_RECURSION = YES;
				CLANG_WARN_INT_CONVERSION = YES;
				CLANG_WARN_NON_LITERAL_NULL_CONVERSION = YES;
				CLANG_WARN_OBJC_IMPLICIT_RETAIN_SELF = YES;
				CLANG_WARN_OBJC_LITERAL_CONVERSION = YES;
				CLANG_WARN_OBJC_ROOT_CLASS = YES_ERROR;
				CLANG_WARN_QUOTED_INCLUDE_IN_FRAMEWORK_HEADER = YES;
				CLANG_WARN_RANGE_LOOP_ANALYSIS = YES;
				CLANG_WARN_STRICT_PROTOTYPES = YES;
				CLANG_WARN_SUSPICIOUS_MOVE = YES;
				CLANG_WARN_UNGUARDED_AVAILABILITY = YES_AGGRESSIVE;
				CLANG_WARN_UNREACHABLE_CODE = YES;
				CLANG_WARN__DUPLICATE_METHOD_MATCH = YES;
				COPY_PHASE_STRIP = NO;
				DEBUG_INFORMATION_FORMAT = dwarf;
				ENABLE_STRICT_OBJC_MSGSEND = YES;
				ENABLE_TESTABILITY = YES;
				GCC_C_LANGUAGE_STANDARD = gnu11;
				GCC_DYNAMIC_NO_PIC = NO;
				GCC_NO_COMMON_BLOCKS = YES;
				GCC_OPTIMIZATION_LEVEL = 0;
				GCC_PREPROCESSOR_DEFINITIONS = (
					"DEBUG=1",
					"$(inherited)",
				);
				GCC_WARN_64_TO_32_BIT_CONVERSION = YES;
				GCC_WARN_ABOUT_RETURN_TYPE = YES_ERROR;
				GCC_WARN_UNDECLARED_SELECTOR = YES;
				GCC_WARN_UNINITIALIZED_AUTOS = YES_AGGRESSIVE;
				GCC_WARN_UNUSED_FUNCTION = YES;
				GCC_WARN_UNUSED_VARIABLE = YES;
				IPHONEOS_DEPLOYMENT_TARGET = 14.3;
				MTL_ENABLE_DEBUG_INFO = INCLUDE_SOURCE;
				MTL_FAST_MATH = YES;
				ONLY_ACTIVE_ARCH = YES;
				SDKROOT = iphoneos;
				SWIFT_ACTIVE_COMPILATION_CONDITIONS = DEBUG;
				SWIFT_OPTIMIZATION_LEVEL = "-Onone";
			};
			name = Debug;
		};
		7F4A80A22717EFEC00AE5A2D /* Release */ = {
			isa = XCBuildConfiguration;
			buildSettings = {
				ALWAYS_SEARCH_USER_PATHS = NO;
				CLANG_ANALYZER_NONNULL = YES;
				CLANG_ANALYZER_NUMBER_OBJECT_CONVERSION = YES_AGGRESSIVE;
				CLANG_CXX_LANGUAGE_STANDARD = "gnu++14";
				CLANG_CXX_LIBRARY = "libc++";
				CLANG_ENABLE_MODULES = YES;
				CLANG_ENABLE_OBJC_ARC = YES;
				CLANG_ENABLE_OBJC_WEAK = YES;
				CLANG_WARN_BLOCK_CAPTURE_AUTORELEASING = YES;
				CLANG_WARN_BOOL_CONVERSION = YES;
				CLANG_WARN_COMMA = YES;
				CLANG_WARN_CONSTANT_CONVERSION = YES;
				CLANG_WARN_DEPRECATED_OBJC_IMPLEMENTATIONS = YES;
				CLANG_WARN_DIRECT_OBJC_ISA_USAGE = YES_ERROR;
				CLANG_WARN_DOCUMENTATION_COMMENTS = YES;
				CLANG_WARN_EMPTY_BODY = YES;
				CLANG_WARN_ENUM_CONVERSION = YES;
				CLANG_WARN_INFINITE_RECURSION = YES;
				CLANG_WARN_INT_CONVERSION = YES;
				CLANG_WARN_NON_LITERAL_NULL_CONVERSION = YES;
				CLANG_WARN_OBJC_IMPLICIT_RETAIN_SELF = YES;
				CLANG_WARN_OBJC_LITERAL_CONVERSION = YES;
				CLANG_WARN_OBJC_ROOT_CLASS = YES_ERROR;
				CLANG_WARN_QUOTED_INCLUDE_IN_FRAMEWORK_HEADER = YES;
				CLANG_WARN_RANGE_LOOP_ANALYSIS = YES;
				CLANG_WARN_STRICT_PROTOTYPES = YES;
				CLANG_WARN_SUSPICIOUS_MOVE = YES;
				CLANG_WARN_UNGUARDED_AVAILABILITY = YES_AGGRESSIVE;
				CLANG_WARN_UNREACHABLE_CODE = YES;
				CLANG_WARN__DUPLICATE_METHOD_MATCH = YES;
				COPY_PHASE_STRIP = NO;
				DEBUG_INFORMATION_FORMAT = "dwarf-with-dsym";
				ENABLE_NS_ASSERTIONS = NO;
				ENABLE_STRICT_OBJC_MSGSEND = YES;
				GCC_C_LANGUAGE_STANDARD = gnu11;
				GCC_NO_COMMON_BLOCKS = YES;
				GCC_WARN_64_TO_32_BIT_CONVERSION = YES;
				GCC_WARN_ABOUT_RETURN_TYPE = YES_ERROR;
				GCC_WARN_UNDECLARED_SELECTOR = YES;
				GCC_WARN_UNINITIALIZED_AUTOS = YES_AGGRESSIVE;
				GCC_WARN_UNUSED_FUNCTION = YES;
				GCC_WARN_UNUSED_VARIABLE = YES;
				IPHONEOS_DEPLOYMENT_TARGET = 14.3;
				MTL_ENABLE_DEBUG_INFO = NO;
				MTL_FAST_MATH = YES;
				SDKROOT = iphoneos;
				SWIFT_COMPILATION_MODE = wholemodule;
				SWIFT_OPTIMIZATION_LEVEL = "-O";
				VALIDATE_PRODUCT = YES;
			};
			name = Release;
		};
		7F4A80A42717EFEC00AE5A2D /* Debug */ = {
			isa = XCBuildConfiguration;
			buildSettings = {
				ASSETCATALOG_COMPILER_APPICON_NAME = AppIcon;
				ASSETCATALOG_COMPILER_GLOBAL_ACCENT_COLOR_NAME = AccentColor;
				CODE_SIGN_STYLE = Automatic;
				DEVELOPMENT_TEAM = LA47TSWSCN;
				INFOPLIST_FILE = testAppium/Info.plist;
				LD_RUNPATH_SEARCH_PATHS = (
					"$(inherited)",
					"@executable_path/Frameworks",
				);
				PRODUCT_BUNDLE_IDENTIFIER = yuki.osu.testAppium;
				PRODUCT_NAME = "$(TARGET_NAME)";
				SWIFT_VERSION = 5.0;
				TARGETED_DEVICE_FAMILY = "1,2";
			};
			name = Debug;
		};
		7F4A80A52717EFEC00AE5A2D /* Release */ = {
			isa = XCBuildConfiguration;
			buildSettings = {
				ASSETCATALOG_COMPILER_APPICON_NAME = AppIcon;
				ASSETCATALOG_COMPILER_GLOBAL_ACCENT_COLOR_NAME = AccentColor;
				CODE_SIGN_STYLE = Automatic;
				DEVELOPMENT_TEAM = LA47TSWSCN;
				INFOPLIST_FILE = testAppium/Info.plist;
				LD_RUNPATH_SEARCH_PATHS = (
					"$(inherited)",
					"@executable_path/Frameworks",
				);
				PRODUCT_BUNDLE_IDENTIFIER = yuki.osu.testAppium;
				PRODUCT_NAME = "$(TARGET_NAME)";
				SWIFT_VERSION = 5.0;
				TARGETED_DEVICE_FAMILY = "1,2";
			};
			name = Release;
		};
		7F4A80A72717EFEC00AE5A2D /* Debug */ = {
			isa = XCBuildConfiguration;
			buildSettings = {
				ALWAYS_EMBED_SWIFT_STANDARD_LIBRARIES = YES;
				BUNDLE_LOADER = "$(TEST_HOST)";
				CODE_SIGN_STYLE = Automatic;
				DEVELOPMENT_TEAM = LA47TSWSCN;
				INFOPLIST_FILE = testAppiumTests/Info.plist;
				IPHONEOS_DEPLOYMENT_TARGET = 14.3;
				LD_RUNPATH_SEARCH_PATHS = (
					"$(inherited)",
					"@executable_path/Frameworks",
					"@loader_path/Frameworks",
				);
				PRODUCT_BUNDLE_IDENTIFIER = yuki.osu.testAppiumTests;
				PRODUCT_NAME = "$(TARGET_NAME)";
				SWIFT_VERSION = 5.0;
				TARGETED_DEVICE_FAMILY = "1,2";
				TEST_HOST = "$(BUILT_PRODUCTS_DIR)/testAppium.app/testAppium";
			};
			name = Debug;
		};
		7F4A80A82717EFEC00AE5A2D /* Release */ = {
			isa = XCBuildConfiguration;
			buildSettings = {
				ALWAYS_EMBED_SWIFT_STANDARD_LIBRARIES = YES;
				BUNDLE_LOADER = "$(TEST_HOST)";
				CODE_SIGN_STYLE = Automatic;
				DEVELOPMENT_TEAM = LA47TSWSCN;
				INFOPLIST_FILE = testAppiumTests/Info.plist;
				IPHONEOS_DEPLOYMENT_TARGET = 14.3;
				LD_RUNPATH_SEARCH_PATHS = (
					"$(inherited)",
					"@executable_path/Frameworks",
					"@loader_path/Frameworks",
				);
				PRODUCT_BUNDLE_IDENTIFIER = yuki.osu.testAppiumTests;
				PRODUCT_NAME = "$(TARGET_NAME)";
				SWIFT_VERSION = 5.0;
				TARGETED_DEVICE_FAMILY = "1,2";
				TEST_HOST = "$(BUILT_PRODUCTS_DIR)/testAppium.app/testAppium";
			};
			name = Release;
		};
		7F4A80AA2717EFEC00AE5A2D /* Debug */ = {
			isa = XCBuildConfiguration;
			buildSettings = {
				ALWAYS_EMBED_SWIFT_STANDARD_LIBRARIES = YES;
				CODE_SIGN_STYLE = Automatic;
				DEVELOPMENT_TEAM = LA47TSWSCN;
				INFOPLIST_FILE = testAppiumUITests/Info.plist;
				LD_RUNPATH_SEARCH_PATHS = (
					"$(inherited)",
					"@executable_path/Frameworks",
					"@loader_path/Frameworks",
				);
				PRODUCT_BUNDLE_IDENTIFIER = yuki.osu.testAppiumUITests;
				PRODUCT_NAME = "$(TARGET_NAME)";
				SWIFT_VERSION = 5.0;
				TARGETED_DEVICE_FAMILY = "1,2";
				TEST_TARGET_NAME = testAppium;
			};
			name = Debug;
		};
		7F4A80AB2717EFEC00AE5A2D /* Release */ = {
			isa = XCBuildConfiguration;
			buildSettings = {
				ALWAYS_EMBED_SWIFT_STANDARD_LIBRARIES = YES;
				CODE_SIGN_STYLE = Automatic;
				DEVELOPMENT_TEAM = LA47TSWSCN;
				INFOPLIST_FILE = testAppiumUITests/Info.plist;
				LD_RUNPATH_SEARCH_PATHS = (
					"$(inherited)",
					"@executable_path/Frameworks",
					"@loader_path/Frameworks",
				);
				PRODUCT_BUNDLE_IDENTIFIER = yuki.osu.testAppiumUITests;
				PRODUCT_NAME = "$(TARGET_NAME)";
				SWIFT_VERSION = 5.0;
				TARGETED_DEVICE_FAMILY = "1,2";
				TEST_TARGET_NAME = testAppium;
			};
			name = Release;
		};
/* End XCBuildConfiguration section */

/* Begin XCConfigurationList section */
		7F4A80742717EFEA00AE5A2D /* Build configuration list for PBXProject "testAppium" */ = {
			isa = XCConfigurationList;
			buildConfigurations = (
				7F4A80A12717EFEC00AE5A2D /* Debug */,
				7F4A80A22717EFEC00AE5A2D /* Release */,
			);
			defaultConfigurationIsVisible = 0;
			defaultConfigurationName = Release;
		};
		7F4A80A32717EFEC00AE5A2D /* Build configuration list for PBXNativeTarget "testAppium" */ = {
			isa = XCConfigurationList;
			buildConfigurations = (
				7F4A80A42717EFEC00AE5A2D /* Debug */,
				7F4A80A52717EFEC00AE5A2D /* Release */,
			);
			defaultConfigurationIsVisible = 0;
			defaultConfigurationName = Release;
		};
		7F4A80A62717EFEC00AE5A2D /* Build configuration list for PBXNativeTarget "testAppiumTests" */ = {
			isa = XCConfigurationList;
			buildConfigurations = (
				7F4A80A72717EFEC00AE5A2D /* Debug */,
				7F4A80A82717EFEC00AE5A2D /* Release */,
			);
			defaultConfigurationIsVisible = 0;
			defaultConfigurationName = Release;
		};
		7F4A80A92717EFEC00AE5A2D /* Build configuration list for PBXNativeTarget "testAppiumUITests" */ = {
			isa = XCConfigurationList;
			buildConfigurations = (
				7F4A80AA2717EFEC00AE5A2D /* Debug */,
				7F4A80AB2717EFEC00AE5A2D /* Release */,
			);
			defaultConfigurationIsVisible = 0;
			defaultConfigurationName = Release;
		};
/* End XCConfigurationList section */
	};
	rootObject = 7F4A80712717EFEA00AE5A2D /* Project object */;
}
